
Microsoft Visual Studio Solution File, Format Version 12.00
# Visual Studio Version 16
VisualStudioVersion = 16.0.33328.57
MinimumVisualStudioVersion = 10.0.40219.1
Project("{FAE04EC0-301F-11D3-BF4B-00C04F79EFBC}") = "Web_TT", "Web_TT\Web_TT.csproj", "{73BBC842-503F-4F5F-AA88-D582EA4EFA62}"
EndProject
Global
	GlobalSection(SolutionConfigurationPlatforms) = preSolution
		Debug|Any CPU = Debug|Any CPU
		Release|Any CPU = Release|Any CPU
	EndGlobalSection
	GlobalSection(ProjectConfigurationPlatforms) = postSolution
		{73BBC842-503F-4F5F-AA88-D582EA4EFA62}.Debug|Any CPU.ActiveCfg = Debug|Any CPU
		{73BBC842-503F-4F5F-AA88-D582EA4EFA62}.Debug|Any CPU.Build.0 = Debug|Any CPU
		{73BBC842-503F-4F5F-AA88-D582EA4EFA62}.Release|Any CPU.ActiveCfg = Release|Any CPU
		{73BBC842-503F-4F5F-AA88-D582EA4EFA62}.Release|Any CPU.Build.0 = Release|Any CPU
	EndGlobalSection
	GlobalSection(SolutionProperties) = preSolution
		HideSolutionNode = FALSE
	EndGlobalSection
	GlobalSection(ExtensibilityGlobals) = postSolution
		SolutionGuid = {7013DAED-A091-4E36-99B5-BE0A32C65A84}
	EndGlobalSection
EndGlobal
